// !$*UTF8*$!
{
	archiveVersion = 1;
	classes = {
	};
	objectVersion = 46;
	objects = {

/* Begin PBXAggregateTarget section */
		"swift-avr::swift-avrPackageTests::ProductTarget" /* swift-avrPackageTests */ = {
			isa = PBXAggregateTarget;
			buildConfigurationList = OBJ_31 /* Build configuration list for PBXAggregateTarget "swift-avrPackageTests" */;
			buildPhases = (
			);
			dependencies = (
				OBJ_34 /* PBXTargetDependency */,
			);
			name = "swift-avrPackageTests";
			productName = "swift-avrPackageTests";
		};
/* End PBXAggregateTarget section */

/* Begin PBXBuildFile section */
		30743B782126022E00EC520B /* LPM.swift in Sources */ = {isa = PBXBuildFile; fileRef = 30743B772126022E00EC520B /* LPM.swift */; };
		30743B7A2126052700EC520B /* AND.swift in Sources */ = {isa = PBXBuildFile; fileRef = 30743B792126052700EC520B /* AND.swift */; };
		30743B7C2126078900EC520B /* OperationFactoryInit.swift in Sources */ = {isa = PBXBuildFile; fileRef = 30743B7B2126078900EC520B /* OperationFactoryInit.swift */; };
		30743B7E2126087E00EC520B /* BREQ.swift in Sources */ = {isa = PBXBuildFile; fileRef = 30743B7D2126087E00EC520B /* BREQ.swift */; };
		30743B8021260CBB00EC520B /* TwoComplement.swift in Sources */ = {isa = PBXBuildFile; fileRef = 30743B7F21260CBB00EC520B /* TwoComplement.swift */; };
		30743B8221260E1C00EC520B /* ADC.swift in Sources */ = {isa = PBXBuildFile; fileRef = 30743B8121260E1C00EC520B /* ADC.swift */; };
		30743B842126112900EC520B /* SUBI.swift in Sources */ = {isa = PBXBuildFile; fileRef = 30743B832126112900EC520B /* SUBI.swift */; };
		30743B862126133800EC520B /* SBCI.swift in Sources */ = {isa = PBXBuildFile; fileRef = 30743B852126133800EC520B /* SBCI.swift */; };
		30743B882126AED000EC520B /* POP.swift in Sources */ = {isa = PBXBuildFile; fileRef = 30743B872126AED000EC520B /* POP.swift */; };
		30743B8A2126B24B00EC520B /* RET.swift in Sources */ = {isa = PBXBuildFile; fileRef = 30743B892126B24B00EC520B /* RET.swift */; };
		30743B8C2126B38000EC520B /* LD.swift in Sources */ = {isa = PBXBuildFile; fileRef = 30743B8B2126B38000EC520B /* LD.swift */; };
		30743B8E2126BE6F00EC520B /* CPSE.swift in Sources */ = {isa = PBXBuildFile; fileRef = 30743B8D2126BE6F00EC520B /* CPSE.swift */; };
		30743B902126C1BE00EC520B /* BRNE.swift in Sources */ = {isa = PBXBuildFile; fileRef = 30743B8F2126C1BE00EC520B /* BRNE.swift */; };
		30743B922126C27600EC520B /* IN.swift in Sources */ = {isa = PBXBuildFile; fileRef = 30743B912126C27600EC520B /* IN.swift */; };
		30743B942126C4A000EC520B /* OR.swift in Sources */ = {isa = PBXBuildFile; fileRef = 30743B932126C4A000EC520B /* OR.swift */; };
		30743B962126C7AD00EC520B /* ST.swift in Sources */ = {isa = PBXBuildFile; fileRef = 30743B952126C7AD00EC520B /* ST.swift */; };
		30BB2A4921255F2A00AEFBA2 /* VirtualCPU.swift in Sources */ = {isa = PBXBuildFile; fileRef = 30BB2A4821255F2A00AEFBA2 /* VirtualCPU.swift */; };
		30BB2A4D21255FEB00AEFBA2 /* OperationFactory.swift in Sources */ = {isa = PBXBuildFile; fileRef = 30BB2A4C21255FEB00AEFBA2 /* OperationFactory.swift */; };
		30BB2A5521256C3200AEFBA2 /* main.swift in Sources */ = {isa = PBXBuildFile; fileRef = OBJ_9 /* main.swift */; };
		30BB2A5721256CCE00AEFBA2 /* OperationCode.swift in Sources */ = {isa = PBXBuildFile; fileRef = 30BB2A5621256CCE00AEFBA2 /* OperationCode.swift */; };
		30BB2A5A21256F3800AEFBA2 /* ADD.swift in Sources */ = {isa = PBXBuildFile; fileRef = 30BB2A5921256F3800AEFBA2 /* ADD.swift */; };
		30BB2A5C21258C3900AEFBA2 /* ProgramMemory.swift in Sources */ = {isa = PBXBuildFile; fileRef = 30BB2A5B21258C3900AEFBA2 /* ProgramMemory.swift */; };
		30BB2A5E2125BB4D00AEFBA2 /* JMP.swift in Sources */ = {isa = PBXBuildFile; fileRef = 30BB2A5D2125BB4D00AEFBA2 /* JMP.swift */; };
		30BB2A602125BC0A00AEFBA2 /* RJMP.swift in Sources */ = {isa = PBXBuildFile; fileRef = 30BB2A5F2125BC0A00AEFBA2 /* RJMP.swift */; };
		30BB2A622125C4FA00AEFBA2 /* FixedWidthInteger+Hex.swift in Sources */ = {isa = PBXBuildFile; fileRef = 30BB2A612125C4FA00AEFBA2 /* FixedWidthInteger+Hex.swift */; };
		30BB2A652125CE3400AEFBA2 /* AssemblyInstruction.swift in Sources */ = {isa = PBXBuildFile; fileRef = 30BB2A642125CE3400AEFBA2 /* AssemblyInstruction.swift */; };
		30BB2A672125D81600AEFBA2 /* EOR.swift in Sources */ = {isa = PBXBuildFile; fileRef = 30BB2A662125D81600AEFBA2 /* EOR.swift */; };
		30BB2A692125DE2200AEFBA2 /* OUT.swift in Sources */ = {isa = PBXBuildFile; fileRef = 30BB2A682125DE2200AEFBA2 /* OUT.swift */; };
		30BB2A6B2125E02C00AEFBA2 /* LDI.swift in Sources */ = {isa = PBXBuildFile; fileRef = 30BB2A6A2125E02C00AEFBA2 /* LDI.swift */; };
		30BB2A6D2125E19100AEFBA2 /* CLI.swift in Sources */ = {isa = PBXBuildFile; fileRef = 30BB2A6C2125E19100AEFBA2 /* CLI.swift */; };
		30BB2A712125E5A800AEFBA2 /* CALL.swift in Sources */ = {isa = PBXBuildFile; fileRef = 30BB2A702125E5A800AEFBA2 /* CALL.swift */; };
		30BB2A732125FD4200AEFBA2 /* PUSH.swift in Sources */ = {isa = PBXBuildFile; fileRef = 30BB2A722125FD4200AEFBA2 /* PUSH.swift */; };
		30BB2A752125FE2000AEFBA2 /* MOVW.swift in Sources */ = {isa = PBXBuildFile; fileRef = 30BB2A742125FE2000AEFBA2 /* MOVW.swift */; };
		30BB2A772125FF3300AEFBA2 /* MOV.swift in Sources */ = {isa = PBXBuildFile; fileRef = 30BB2A762125FF3300AEFBA2 /* MOV.swift */; };
		40B61207212568240096BB1A /* FixedWidthInteger+Bitmask.swift in Sources */ = {isa = PBXBuildFile; fileRef = 40B61206212568240096BB1A /* FixedWidthInteger+Bitmask.swift */; };
		OBJ_29 /* Package.swift in Sources */ = {isa = PBXBuildFile; fileRef = OBJ_6 /* Package.swift */; };
		OBJ_40 /* XCTestManifests.swift in Sources */ = {isa = PBXBuildFile; fileRef = OBJ_12 /* XCTestManifests.swift */; };
		OBJ_41 /* swift_avrTests.swift in Sources */ = {isa = PBXBuildFile; fileRef = OBJ_13 /* swift_avrTests.swift */; };
/* End PBXBuildFile section */

/* Begin PBXContainerItemProxy section */
		30BB2A4621255ED100AEFBA2 /* PBXContainerItemProxy */ = {
			isa = PBXContainerItemProxy;
			containerPortal = OBJ_1 /* Project object */;
			proxyType = 1;
			remoteGlobalIDString = "swift-avr::swift-avr";
			remoteInfo = "swift-avr";
		};
		30BB2A4721255ED300AEFBA2 /* PBXContainerItemProxy */ = {
			isa = PBXContainerItemProxy;
			containerPortal = OBJ_1 /* Project object */;
			proxyType = 1;
			remoteGlobalIDString = "swift-avr::swift-avrTests";
			remoteInfo = "swift-avrTests";
		};
/* End PBXContainerItemProxy section */

/* Begin PBXFileReference section */
		30743B772126022E00EC520B /* LPM.swift */ = {isa = PBXFileReference; lastKnownFileType = sourcecode.swift; path = LPM.swift; sourceTree = "<group>"; };
		30743B792126052700EC520B /* AND.swift */ = {isa = PBXFileReference; lastKnownFileType = sourcecode.swift; path = AND.swift; sourceTree = "<group>"; };
		30743B7B2126078900EC520B /* OperationFactoryInit.swift */ = {isa = PBXFileReference; lastKnownFileType = sourcecode.swift; path = OperationFactoryInit.swift; sourceTree = "<group>"; };
		30743B7D2126087E00EC520B /* BREQ.swift */ = {isa = PBXFileReference; lastKnownFileType = sourcecode.swift; path = BREQ.swift; sourceTree = "<group>"; };
		30743B7F21260CBB00EC520B /* TwoComplement.swift */ = {isa = PBXFileReference; lastKnownFileType = sourcecode.swift; path = TwoComplement.swift; sourceTree = "<group>"; };
		30743B8121260E1C00EC520B /* ADC.swift */ = {isa = PBXFileReference; fileEncoding = 4; lastKnownFileType = sourcecode.swift; path = ADC.swift; sourceTree = "<group>"; };
		30743B832126112900EC520B /* SUBI.swift */ = {isa = PBXFileReference; lastKnownFileType = sourcecode.swift; path = SUBI.swift; sourceTree = "<group>"; };
		30743B852126133800EC520B /* SBCI.swift */ = {isa = PBXFileReference; lastKnownFileType = sourcecode.swift; path = SBCI.swift; sourceTree = "<group>"; };
		30743B872126AED000EC520B /* POP.swift */ = {isa = PBXFileReference; lastKnownFileType = sourcecode.swift; path = POP.swift; sourceTree = "<group>"; };
		30743B892126B24B00EC520B /* RET.swift */ = {isa = PBXFileReference; lastKnownFileType = sourcecode.swift; path = RET.swift; sourceTree = "<group>"; };
		30743B8B2126B38000EC520B /* LD.swift */ = {isa = PBXFileReference; lastKnownFileType = sourcecode.swift; path = LD.swift; sourceTree = "<group>"; };
		30743B8D2126BE6F00EC520B /* CPSE.swift */ = {isa = PBXFileReference; lastKnownFileType = sourcecode.swift; path = CPSE.swift; sourceTree = "<group>"; };
		30743B8F2126C1BE00EC520B /* BRNE.swift */ = {isa = PBXFileReference; lastKnownFileType = sourcecode.swift; path = BRNE.swift; sourceTree = "<group>"; };
		30743B912126C27600EC520B /* IN.swift */ = {isa = PBXFileReference; lastKnownFileType = sourcecode.swift; path = IN.swift; sourceTree = "<group>"; };
		30743B932126C4A000EC520B /* OR.swift */ = {isa = PBXFileReference; lastKnownFileType = sourcecode.swift; path = OR.swift; sourceTree = "<group>"; };
		30743B952126C7AD00EC520B /* ST.swift */ = {isa = PBXFileReference; lastKnownFileType = sourcecode.swift; path = ST.swift; sourceTree = "<group>"; };
		30BB2A4821255F2A00AEFBA2 /* VirtualCPU.swift */ = {isa = PBXFileReference; lastKnownFileType = sourcecode.swift; path = VirtualCPU.swift; sourceTree = "<group>"; };
		30BB2A4C21255FEB00AEFBA2 /* OperationFactory.swift */ = {isa = PBXFileReference; lastKnownFileType = sourcecode.swift; path = OperationFactory.swift; sourceTree = "<group>"; };
		30BB2A5621256CCE00AEFBA2 /* OperationCode.swift */ = {isa = PBXFileReference; lastKnownFileType = sourcecode.swift; path = OperationCode.swift; sourceTree = "<group>"; };
		30BB2A5921256F3800AEFBA2 /* ADD.swift */ = {isa = PBXFileReference; lastKnownFileType = sourcecode.swift; path = ADD.swift; sourceTree = "<group>"; };
		30BB2A5B21258C3900AEFBA2 /* ProgramMemory.swift */ = {isa = PBXFileReference; lastKnownFileType = sourcecode.swift; path = ProgramMemory.swift; sourceTree = "<group>"; };
		30BB2A5D2125BB4D00AEFBA2 /* JMP.swift */ = {isa = PBXFileReference; lastKnownFileType = sourcecode.swift; path = JMP.swift; sourceTree = "<group>"; };
		30BB2A5F2125BC0A00AEFBA2 /* RJMP.swift */ = {isa = PBXFileReference; lastKnownFileType = sourcecode.swift; path = RJMP.swift; sourceTree = "<group>"; };
		30BB2A612125C4FA00AEFBA2 /* FixedWidthInteger+Hex.swift */ = {isa = PBXFileReference; lastKnownFileType = sourcecode.swift; path = "FixedWidthInteger+Hex.swift"; sourceTree = "<group>"; };
		30BB2A642125CE3400AEFBA2 /* AssemblyInstruction.swift */ = {isa = PBXFileReference; lastKnownFileType = sourcecode.swift; path = AssemblyInstruction.swift; sourceTree = "<group>"; };
		30BB2A662125D81600AEFBA2 /* EOR.swift */ = {isa = PBXFileReference; lastKnownFileType = sourcecode.swift; path = EOR.swift; sourceTree = "<group>"; };
		30BB2A682125DE2200AEFBA2 /* OUT.swift */ = {isa = PBXFileReference; lastKnownFileType = sourcecode.swift; path = OUT.swift; sourceTree = "<group>"; };
		30BB2A6A2125E02C00AEFBA2 /* LDI.swift */ = {isa = PBXFileReference; lastKnownFileType = sourcecode.swift; path = LDI.swift; sourceTree = "<group>"; };
		30BB2A6C2125E19100AEFBA2 /* CLI.swift */ = {isa = PBXFileReference; lastKnownFileType = sourcecode.swift; path = CLI.swift; sourceTree = "<group>"; };
		30BB2A702125E5A800AEFBA2 /* CALL.swift */ = {isa = PBXFileReference; lastKnownFileType = sourcecode.swift; path = CALL.swift; sourceTree = "<group>"; };
		30BB2A722125FD4200AEFBA2 /* PUSH.swift */ = {isa = PBXFileReference; lastKnownFileType = sourcecode.swift; path = PUSH.swift; sourceTree = "<group>"; };
		30BB2A742125FE2000AEFBA2 /* MOVW.swift */ = {isa = PBXFileReference; lastKnownFileType = sourcecode.swift; path = MOVW.swift; sourceTree = "<group>"; };
		30BB2A762125FF3300AEFBA2 /* MOV.swift */ = {isa = PBXFileReference; fileEncoding = 4; lastKnownFileType = sourcecode.swift; path = MOV.swift; sourceTree = "<group>"; };
		40B61206212568240096BB1A /* FixedWidthInteger+Bitmask.swift */ = {isa = PBXFileReference; lastKnownFileType = sourcecode.swift; path = "FixedWidthInteger+Bitmask.swift"; sourceTree = "<group>"; };
		OBJ_12 /* XCTestManifests.swift */ = {isa = PBXFileReference; lastKnownFileType = sourcecode.swift; path = XCTestManifests.swift; sourceTree = "<group>"; };
		OBJ_13 /* swift_avrTests.swift */ = {isa = PBXFileReference; lastKnownFileType = sourcecode.swift; path = swift_avrTests.swift; sourceTree = "<group>"; };
		OBJ_6 /* Package.swift */ = {isa = PBXFileReference; explicitFileType = sourcecode.swift; path = Package.swift; sourceTree = "<group>"; };
		OBJ_9 /* main.swift */ = {isa = PBXFileReference; lastKnownFileType = sourcecode.swift; path = main.swift; sourceTree = "<group>"; };
		"swift-avr::swift-avr::Product" /* swift-avr */ = {isa = PBXFileReference; explicitFileType = "compiled.mach-o.executable"; path = "swift-avr"; sourceTree = BUILT_PRODUCTS_DIR; };
		"swift-avr::swift-avrTests::Product" /* swift-avrTests.xctest */ = {isa = PBXFileReference; explicitFileType = wrapper.cfbundle; path = "swift-avrTests.xctest"; sourceTree = BUILT_PRODUCTS_DIR; };
/* End PBXFileReference section */

/* Begin PBXFrameworksBuildPhase section */
		OBJ_23 /* Frameworks */ = {
			isa = PBXFrameworksBuildPhase;
			buildActionMask = 0;
			files = (
			);
			runOnlyForDeploymentPostprocessing = 0;
		};
		OBJ_42 /* Frameworks */ = {
			isa = PBXFrameworksBuildPhase;
			buildActionMask = 0;
			files = (
			);
			runOnlyForDeploymentPostprocessing = 0;
		};
/* End PBXFrameworksBuildPhase section */

/* Begin PBXGroup section */
		30BB2A4E21255FF200AEFBA2 /* Operations */ = {
			isa = PBXGroup;
			children = (
				30BB2A5821256F2C00AEFBA2 /* OpCodes */,
				30BB2A4C21255FEB00AEFBA2 /* OperationFactory.swift */,
				30743B7B2126078900EC520B /* OperationFactoryInit.swift */,
				30BB2A5621256CCE00AEFBA2 /* OperationCode.swift */,
				30BB2A642125CE3400AEFBA2 /* AssemblyInstruction.swift */,
			);
			path = Operations;
			sourceTree = "<group>";
		};
		30BB2A5821256F2C00AEFBA2 /* OpCodes */ = {
			isa = PBXGroup;
			children = (
				30743B8121260E1C00EC520B /* ADC.swift */,
				30BB2A5921256F3800AEFBA2 /* ADD.swift */,
				30743B792126052700EC520B /* AND.swift */,
				30743B7D2126087E00EC520B /* BREQ.swift */,
				30743B8F2126C1BE00EC520B /* BRNE.swift */,
				30BB2A702125E5A800AEFBA2 /* CALL.swift */,
				30BB2A6C2125E19100AEFBA2 /* CLI.swift */,
				30743B8D2126BE6F00EC520B /* CPSE.swift */,
				30BB2A662125D81600AEFBA2 /* EOR.swift */,
				30743B912126C27600EC520B /* IN.swift */,
				30BB2A5D2125BB4D00AEFBA2 /* JMP.swift */,
				30743B8B2126B38000EC520B /* LD.swift */,
				30BB2A6A2125E02C00AEFBA2 /* LDI.swift */,
				30743B772126022E00EC520B /* LPM.swift */,
				30BB2A762125FF3300AEFBA2 /* MOV.swift */,
				30BB2A742125FE2000AEFBA2 /* MOVW.swift */,
				30743B932126C4A000EC520B /* OR.swift */,
				30BB2A682125DE2200AEFBA2 /* OUT.swift */,
				30743B872126AED000EC520B /* POP.swift */,
				30BB2A722125FD4200AEFBA2 /* PUSH.swift */,
				30743B892126B24B00EC520B /* RET.swift */,
				30BB2A5F2125BC0A00AEFBA2 /* RJMP.swift */,
				30743B852126133800EC520B /* SBCI.swift */,
				30743B952126C7AD00EC520B /* ST.swift */,
				30743B832126112900EC520B /* SUBI.swift */,
			);
			path = OpCodes;
			sourceTree = "<group>";
		};
		30BB2A632125C51700AEFBA2 /* Extensions */ = {
			isa = PBXGroup;
			children = (
				30BB2A612125C4FA00AEFBA2 /* FixedWidthInteger+Hex.swift */,
				40B61206212568240096BB1A /* FixedWidthInteger+Bitmask.swift */,
				30743B7F21260CBB00EC520B /* TwoComplement.swift */,
			);
			path = Extensions;
			sourceTree = "<group>";
		};
		OBJ_10 /* Tests */ = {
			isa = PBXGroup;
			children = (
				OBJ_11 /* swift-avrTests */,
			);
			name = Tests;
			sourceTree = SOURCE_ROOT;
		};
		OBJ_11 /* swift-avrTests */ = {
			isa = PBXGroup;
			children = (
				OBJ_12 /* XCTestManifests.swift */,
				OBJ_13 /* swift_avrTests.swift */,
			);
			name = "swift-avrTests";
			path = "Tests/swift-avrTests";
			sourceTree = SOURCE_ROOT;
		};
		OBJ_14 /* Products */ = {
			isa = PBXGroup;
			children = (
				"swift-avr::swift-avr::Product" /* swift-avr */,
				"swift-avr::swift-avrTests::Product" /* swift-avrTests.xctest */,
			);
			name = Products;
			sourceTree = BUILT_PRODUCTS_DIR;
		};
		OBJ_5 = {
			isa = PBXGroup;
			children = (
				OBJ_6 /* Package.swift */,
				OBJ_7 /* Sources */,
				OBJ_10 /* Tests */,
				OBJ_14 /* Products */,
			);
			sourceTree = "<group>";
		};
		OBJ_7 /* Sources */ = {
			isa = PBXGroup;
			children = (
				OBJ_8 /* swift-avr */,
			);
			name = Sources;
			sourceTree = SOURCE_ROOT;
		};
		OBJ_8 /* swift-avr */ = {
			isa = PBXGroup;
			children = (
				30BB2A4821255F2A00AEFBA2 /* VirtualCPU.swift */,
				30BB2A5B21258C3900AEFBA2 /* ProgramMemory.swift */,
				OBJ_9 /* main.swift */,
				30BB2A4E21255FF200AEFBA2 /* Operations */,
				30BB2A632125C51700AEFBA2 /* Extensions */,
			);
			name = "swift-avr";
			path = "Sources/swift-avr";
			sourceTree = SOURCE_ROOT;
		};
/* End PBXGroup section */

/* Begin PBXNativeTarget section */
		"swift-avr::SwiftPMPackageDescription" /* swift-avrPackageDescription */ = {
			isa = PBXNativeTarget;
			buildConfigurationList = OBJ_25 /* Build configuration list for PBXNativeTarget "swift-avrPackageDescription" */;
			buildPhases = (
				OBJ_28 /* Sources */,
			);
			buildRules = (
			);
			dependencies = (
			);
			name = "swift-avrPackageDescription";
			productName = "swift-avrPackageDescription";
			productType = "com.apple.product-type.framework";
		};
		"swift-avr::swift-avr" /* swift-avr */ = {
			isa = PBXNativeTarget;
			buildConfigurationList = OBJ_18 /* Build configuration list for PBXNativeTarget "swift-avr" */;
			buildPhases = (
				OBJ_21 /* Sources */,
				OBJ_23 /* Frameworks */,
				40B6120521255FEF0096BB1A /* Swiftlint */,
			);
			buildRules = (
			);
			dependencies = (
			);
			name = "swift-avr";
			productName = swift_avr;
			productReference = "swift-avr::swift-avr::Product" /* swift-avr */;
			productType = "com.apple.product-type.tool";
		};
		"swift-avr::swift-avrTests" /* swift-avrTests */ = {
			isa = PBXNativeTarget;
			buildConfigurationList = OBJ_36 /* Build configuration list for PBXNativeTarget "swift-avrTests" */;
			buildPhases = (
				OBJ_39 /* Sources */,
				OBJ_42 /* Frameworks */,
			);
			buildRules = (
			);
			dependencies = (
				OBJ_43 /* PBXTargetDependency */,
			);
			name = "swift-avrTests";
			productName = swift_avrTests;
			productReference = "swift-avr::swift-avrTests::Product" /* swift-avrTests.xctest */;
			productType = "com.apple.product-type.bundle.unit-test";
		};
/* End PBXNativeTarget section */

/* Begin PBXProject section */
		OBJ_1 /* Project object */ = {
			isa = PBXProject;
			attributes = {
				LastUpgradeCheck = 9999;
				TargetAttributes = {
					"swift-avr::swift-avr" = {
						LastSwiftMigration = 1100;
					};
					"swift-avr::swift-avrTests" = {
						LastSwiftMigration = 1100;
					};
				};
			};
			buildConfigurationList = OBJ_2 /* Build configuration list for PBXProject "swift-avr" */;
			compatibilityVersion = "Xcode 3.2";
			developmentRegion = English;
			hasScannedForEncodings = 0;
			knownRegions = (
				English,
				en,
			);
			mainGroup = OBJ_5;
			productRefGroup = OBJ_14 /* Products */;
			projectDirPath = "";
			projectRoot = "";
			targets = (
				"swift-avr::swift-avr" /* swift-avr */,
				"swift-avr::SwiftPMPackageDescription" /* swift-avrPackageDescription */,
				"swift-avr::swift-avrPackageTests::ProductTarget" /* swift-avrPackageTests */,
				"swift-avr::swift-avrTests" /* swift-avrTests */,
			);
		};
/* End PBXProject section */

/* Begin PBXShellScriptBuildPhase section */
		40B6120521255FEF0096BB1A /* Swiftlint */ = {
			isa = PBXShellScriptBuildPhase;
			buildActionMask = 2147483647;
			files = (
			);
			inputFileListPaths = (
			);
			inputPaths = (
			);
			name = Swiftlint;
			outputFileListPaths = (
			);
			outputPaths = (
			);
			runOnlyForDeploymentPostprocessing = 0;
			shellPath = /bin/sh;
			shellScript = "if which swiftlint >/dev/null; then\n    swiftlint\nelse\n    echo \"error: SwiftLint does not exist, download it from https://github.com/realm/SwiftLint or use brew install swiftlint\"\n    exit 1\nfi\n";
		};
/* End PBXShellScriptBuildPhase section */

/* Begin PBXSourcesBuildPhase section */
		OBJ_21 /* Sources */ = {
			isa = PBXSourcesBuildPhase;
			buildActionMask = 0;
			files = (
				30743B842126112900EC520B /* SUBI.swift in Sources */,
				30BB2A5521256C3200AEFBA2 /* main.swift in Sources */,
				30743B7A2126052700EC520B /* AND.swift in Sources */,
				30743B962126C7AD00EC520B /* ST.swift in Sources */,
				30BB2A712125E5A800AEFBA2 /* CALL.swift in Sources */,
				30BB2A622125C4FA00AEFBA2 /* FixedWidthInteger+Hex.swift in Sources */,
				30743B8021260CBB00EC520B /* TwoComplement.swift in Sources */,
				30BB2A6D2125E19100AEFBA2 /* CLI.swift in Sources */,
				30743B882126AED000EC520B /* POP.swift in Sources */,
				30BB2A752125FE2000AEFBA2 /* MOVW.swift in Sources */,
				30BB2A732125FD4200AEFBA2 /* PUSH.swift in Sources */,
				30BB2A652125CE3400AEFBA2 /* AssemblyInstruction.swift in Sources */,
				40B61207212568240096BB1A /* FixedWidthInteger+Bitmask.swift in Sources */,
				30743B902126C1BE00EC520B /* BRNE.swift in Sources */,
				30BB2A4921255F2A00AEFBA2 /* VirtualCPU.swift in Sources */,
				30BB2A772125FF3300AEFBA2 /* MOV.swift in Sources */,
				30BB2A6B2125E02C00AEFBA2 /* LDI.swift in Sources */,
				30BB2A5E2125BB4D00AEFBA2 /* JMP.swift in Sources */,
				30BB2A692125DE2200AEFBA2 /* OUT.swift in Sources */,
				30743B862126133800EC520B /* SBCI.swift in Sources */,
				30743B782126022E00EC520B /* LPM.swift in Sources */,
				30743B942126C4A000EC520B /* OR.swift in Sources */,
				30743B8A2126B24B00EC520B /* RET.swift in Sources */,
				30BB2A5C21258C3900AEFBA2 /* ProgramMemory.swift in Sources */,
				30BB2A5A21256F3800AEFBA2 /* ADD.swift in Sources */,
				30BB2A602125BC0A00AEFBA2 /* RJMP.swift in Sources */,
				30743B8C2126B38000EC520B /* LD.swift in Sources */,
				30743B8221260E1C00EC520B /* ADC.swift in Sources */,
				30743B8E2126BE6F00EC520B /* CPSE.swift in Sources */,
				30743B7C2126078900EC520B /* OperationFactoryInit.swift in Sources */,
				30BB2A4D21255FEB00AEFBA2 /* OperationFactory.swift in Sources */,
				30BB2A672125D81600AEFBA2 /* EOR.swift in Sources */,
				30743B7E2126087E00EC520B /* BREQ.swift in Sources */,
				30BB2A5721256CCE00AEFBA2 /* OperationCode.swift in Sources */,
				30743B922126C27600EC520B /* IN.swift in Sources */,
			);
			runOnlyForDeploymentPostprocessing = 0;
		};
		OBJ_28 /* Sources */ = {
			isa = PBXSourcesBuildPhase;
			buildActionMask = 0;
			files = (
				OBJ_29 /* Package.swift in Sources */,
			);
			runOnlyForDeploymentPostprocessing = 0;
		};
		OBJ_39 /* Sources */ = {
			isa = PBXSourcesBuildPhase;
			buildActionMask = 0;
			files = (
				OBJ_40 /* XCTestManifests.swift in Sources */,
				OBJ_41 /* swift_avrTests.swift in Sources */,
			);
			runOnlyForDeploymentPostprocessing = 0;
		};
/* End PBXSourcesBuildPhase section */

/* Begin PBXTargetDependency section */
		OBJ_34 /* PBXTargetDependency */ = {
			isa = PBXTargetDependency;
			target = "swift-avr::swift-avrTests" /* swift-avrTests */;
			targetProxy = 30BB2A4721255ED300AEFBA2 /* PBXContainerItemProxy */;
		};
		OBJ_43 /* PBXTargetDependency */ = {
			isa = PBXTargetDependency;
			target = "swift-avr::swift-avr" /* swift-avr */;
			targetProxy = 30BB2A4621255ED100AEFBA2 /* PBXContainerItemProxy */;
		};
/* End PBXTargetDependency section */

/* Begin XCBuildConfiguration section */
		OBJ_19 /* Debug */ = {
			isa = XCBuildConfiguration;
			buildSettings = {
				FRAMEWORK_SEARCH_PATHS = (
					"$(inherited)",
					"$(PLATFORM_DIR)/Developer/Library/Frameworks",
				);
				HEADER_SEARCH_PATHS = "$(inherited)";
				LD_RUNPATH_SEARCH_PATHS = "$(inherited) $(TOOLCHAIN_DIR)/usr/lib/swift/macosx @executable_path";
				OTHER_CFLAGS = "$(inherited)";
				OTHER_LDFLAGS = "$(inherited)";
				OTHER_SWIFT_FLAGS = "$(inherited)";
				SWIFT_ACTIVE_COMPILATION_CONDITIONS = "$(inherited)";
				SWIFT_FORCE_DYNAMIC_LINK_STDLIB = YES;
				SWIFT_FORCE_STATIC_LINK_STDLIB = NO;
				SWIFT_VERSION = 5.0;
				TARGET_NAME = "swift-avr";
			};
			name = Debug;
		};
		OBJ_20 /* Release */ = {
			isa = XCBuildConfiguration;
			buildSettings = {
				FRAMEWORK_SEARCH_PATHS = (
					"$(inherited)",
					"$(PLATFORM_DIR)/Developer/Library/Frameworks",
				);
				HEADER_SEARCH_PATHS = "$(inherited)";
				LD_RUNPATH_SEARCH_PATHS = "$(inherited) $(TOOLCHAIN_DIR)/usr/lib/swift/macosx @executable_path";
				OTHER_CFLAGS = "$(inherited)";
				OTHER_LDFLAGS = "$(inherited)";
				OTHER_SWIFT_FLAGS = "$(inherited)";
				SWIFT_ACTIVE_COMPILATION_CONDITIONS = "$(inherited)";
				SWIFT_FORCE_DYNAMIC_LINK_STDLIB = YES;
				SWIFT_FORCE_STATIC_LINK_STDLIB = NO;
				SWIFT_VERSION = 5.0;
				TARGET_NAME = "swift-avr";
			};
			name = Release;
		};
		OBJ_26 /* Debug */ = {
			isa = XCBuildConfiguration;
			buildSettings = {
				LD = /usr/bin/true;
				OTHER_SWIFT_FLAGS = "-swift-version 4.2 -I $(TOOLCHAIN_DIR)/usr/lib/swift/pm/4_2 -target x86_64-apple-macosx10.10 -sdk /Applications/Xcode-beta.app/Contents/Developer/Platforms/MacOSX.platform/Developer/SDKs/MacOSX10.14.sdk";
				SWIFT_VERSION = 4.2;
			};
			name = Debug;
		};
		OBJ_27 /* Release */ = {
			isa = XCBuildConfiguration;
			buildSettings = {
				LD = /usr/bin/true;
				OTHER_SWIFT_FLAGS = "-swift-version 4.2 -I $(TOOLCHAIN_DIR)/usr/lib/swift/pm/4_2 -target x86_64-apple-macosx10.10 -sdk /Applications/Xcode-beta.app/Contents/Developer/Platforms/MacOSX.platform/Developer/SDKs/MacOSX10.14.sdk";
				SWIFT_VERSION = 4.2;
			};
			name = Release;
		};
		OBJ_3 /* Debug */ = {
			isa = XCBuildConfiguration;
			buildSettings = {
				CLANG_ENABLE_OBJC_ARC = YES;
				COMBINE_HIDPI_IMAGES = YES;
				COPY_PHASE_STRIP = NO;
				DEBUG_INFORMATION_FORMAT = dwarf;
				DYLIB_INSTALL_NAME_BASE = "@rpath";
				ENABLE_NS_ASSERTIONS = YES;
				GCC_OPTIMIZATION_LEVEL = 0;
				GCC_PREPROCESSOR_DEFINITIONS = (
					"DEBUG=1",
					"$(inherited)",
				);
				MACOSX_DEPLOYMENT_TARGET = 10.10;
				ONLY_ACTIVE_ARCH = YES;
				OTHER_SWIFT_FLAGS = "-DXcode";
				PRODUCT_NAME = "$(TARGET_NAME)";
				SDKROOT = macosx;
				SUPPORTED_PLATFORMS = "macosx iphoneos iphonesimulator appletvos appletvsimulator watchos watchsimulator";
				SWIFT_ACTIVE_COMPILATION_CONDITIONS = "SWIFT_PACKAGE DEBUG";
				SWIFT_OPTIMIZATION_LEVEL = "-Onone";
				USE_HEADERMAP = NO;
			};
			name = Debug;
		};
		OBJ_32 /* Debug */ = {
			isa = XCBuildConfiguration;
			buildSettings = {
			};
			name = Debug;
		};
		OBJ_33 /* Release */ = {
			isa = XCBuildConfiguration;
			buildSettings = {
			};
			name = Release;
		};
		OBJ_37 /* Debug */ = {
			isa = XCBuildConfiguration;
			buildSettings = {
				CLANG_ENABLE_MODULES = YES;
				EMBEDDED_CONTENT_CONTAINS_SWIFT = YES;
				FRAMEWORK_SEARCH_PATHS = (
					"$(inherited)",
					"$(PLATFORM_DIR)/Developer/Library/Frameworks",
				);
				HEADER_SEARCH_PATHS = "$(inherited)";
				LD_RUNPATH_SEARCH_PATHS = "$(inherited) @loader_path/../Frameworks @loader_path/Frameworks";
				OTHER_CFLAGS = "$(inherited)";
				OTHER_LDFLAGS = "$(inherited)";
				OTHER_SWIFT_FLAGS = "$(inherited)";
				SWIFT_ACTIVE_COMPILATION_CONDITIONS = "$(inherited)";
				SWIFT_VERSION = 5.0;
				TARGET_NAME = "swift-avrTests";
			};
			name = Debug;
		};
		OBJ_38 /* Release */ = {
			isa = XCBuildConfiguration;
			buildSettings = {
				CLANG_ENABLE_MODULES = YES;
				EMBEDDED_CONTENT_CONTAINS_SWIFT = YES;
				FRAMEWORK_SEARCH_PATHS = (
					"$(inherited)",
					"$(PLATFORM_DIR)/Developer/Library/Frameworks",
				);
				HEADER_SEARCH_PATHS = "$(inherited)";
				LD_RUNPATH_SEARCH_PATHS = "$(inherited) @loader_path/../Frameworks @loader_path/Frameworks";
				OTHER_CFLAGS = "$(inherited)";
				OTHER_LDFLAGS = "$(inherited)";
				OTHER_SWIFT_FLAGS = "$(inherited)";
				SWIFT_ACTIVE_COMPILATION_CONDITIONS = "$(inherited)";
				SWIFT_VERSION = 5.0;
				TARGET_NAME = "swift-avrTests";
			};
			name = Release;
		};
		OBJ_4 /* Release */ = {
			isa = XCBuildConfiguration;
			buildSettings = {
				CLANG_ENABLE_OBJC_ARC = YES;
				COMBINE_HIDPI_IMAGES = YES;
				COPY_PHASE_STRIP = YES;
				DEBUG_INFORMATION_FORMAT = "dwarf-with-dsym";
				DYLIB_INSTALL_NAME_BASE = "@rpath";
				GCC_OPTIMIZATION_LEVEL = s;
				MACOSX_DEPLOYMENT_TARGET = 10.10;
				OTHER_SWIFT_FLAGS = "-DXcode";
				PRODUCT_NAME = "$(TARGET_NAME)";
				SDKROOT = macosx;
				SUPPORTED_PLATFORMS = "macosx iphoneos iphonesimulator appletvos appletvsimulator watchos watchsimulator";
				SWIFT_ACTIVE_COMPILATION_CONDITIONS = SWIFT_PACKAGE;
				SWIFT_OPTIMIZATION_LEVEL = "-Owholemodule";
				USE_HEADERMAP = NO;
			};
			name = Release;
		};
/* End XCBuildConfiguration section */

/* Begin XCConfigurationList section */
		OBJ_18 /* Build configuration list for PBXNativeTarget "swift-avr" */ = {
			isa = XCConfigurationList;
			buildConfigurations = (
				OBJ_19 /* Debug */,
				OBJ_20 /* Release */,
			);
			defaultConfigurationIsVisible = 0;
			defaultConfigurationName = Release;
		};
		OBJ_2 /* Build configuration list for PBXProject "swift-avr" */ = {
			isa = XCConfigurationList;
			buildConfigurations = (
				OBJ_3 /* Debug */,
				OBJ_4 /* Release */,
			);
			defaultConfigurationIsVisible = 0;
			defaultConfigurationName = Release;
		};
		OBJ_25 /* Build configuration list for PBXNativeTarget "swift-avrPackageDescription" */ = {
			isa = XCConfigurationList;
			buildConfigurations = (
				OBJ_26 /* Debug */,
				OBJ_27 /* Release */,
			);
			defaultConfigurationIsVisible = 0;
			defaultConfigurationName = Release;
		};
		OBJ_31 /* Build configuration list for PBXAggregateTarget "swift-avrPackageTests" */ = {
			isa = XCConfigurationList;
			buildConfigurations = (
				OBJ_32 /* Debug */,
				OBJ_33 /* Release */,
			);
			defaultConfigurationIsVisible = 0;
			defaultConfigurationName = Release;
		};
		OBJ_36 /* Build configuration list for PBXNativeTarget "swift-avrTests" */ = {
			isa = XCConfigurationList;
			buildConfigurations = (
				OBJ_37 /* Debug */,
				OBJ_38 /* Release */,
			);
			defaultConfigurationIsVisible = 0;
			defaultConfigurationName = Release;
		};
/* End XCConfigurationList section */
	};
	rootObject = OBJ_1 /* Project object */;
}
